
Microsoft Visual Studio Solution File, Format Version 12.00
# Visual Studio Version 16
VisualStudioVersion = 16.0.29215.179
MinimumVisualStudioVersion = 10.0.40219.1
Project("{FAE04EC0-301F-11D3-BF4B-00C04F79EFBC}") = "Tarea7", "Tarea7\Tarea7.csproj", "{A89BEC85-9152-4618-B163-72D5D00BD42B}"
EndProject
Global
	GlobalSection(SolutionConfigurationPlatforms) = preSolution
		Debug|Any CPU = Debug|Any CPU
		Release|Any CPU = Release|Any CPU
	EndGlobalSection
	GlobalSection(ProjectConfigurationPlatforms) = postSolution
		{A89BEC85-9152-4618-B163-72D5D00BD42B}.Debug|Any CPU.ActiveCfg = Debug|Any CPU
		{A89BEC85-9152-4618-B163-72D5D00BD42B}.Debug|Any CPU.Build.0 = Debug|Any CPU
		{A89BEC85-9152-4618-B163-72D5D00BD42B}.Release|Any CPU.ActiveCfg = Release|Any CPU
		{A89BEC85-9152-4618-B163-72D5D00BD42B}.Release|Any CPU.Build.0 = Release|Any CPU
	EndGlobalSection
	GlobalSection(SolutionProperties) = preSolution
		HideSolutionNode = FALSE
	EndGlobalSection
	GlobalSection(ExtensibilityGlobals) = postSolution
		SolutionGuid = {3CFD93D4-7CE8-408F-94BC-20322DD358C9}
	EndGlobalSection
EndGlobal
